// !$*UTF8*$!
{
	archiveVersion = 1;
	classes = {
	};
	objectVersion = 46;
	objects = {

/* Begin PBXBuildFile section */
		059550371C35EAA80032A4AE /* main.mm in Sources */ = {isa = PBXBuildFile; fileRef = 059550361C35EAA80032A4AE /* main.mm */; };
		05C56F441C430100005E5D51 /* PLStdCPP.framework in Frameworks */ = {isa = PBXBuildFile; fileRef = 05C56F351C42FFC5005E5D51 /* PLStdCPP.framework */; };
/* End PBXBuildFile section */

/* Begin PBXContainerItemProxy section */
		05C56F341C42FFC5005E5D51 /* PBXContainerItemProxy */ = {
			isa = PBXContainerItemProxy;
			containerPortal = 05C56F181C42FFC5005E5D51 /* PLStdCPP.xcodeproj */;
			proxyType = 2;
			remoteGlobalIDString = 373BC30B1AB3555B00138ACF;
			remoteInfo = PLStdCPP.framework;
		};
		05C56F361C42FFC5005E5D51 /* PBXContainerItemProxy */ = {
			isa = PBXContainerItemProxy;
			containerPortal = 05C56F181C42FFC5005E5D51 /* PLStdCPP.xcodeproj */;
			proxyType = 2;
			remoteGlobalIDString = 373BC3161AB3555B00138ACF;
			remoteInfo = "PLStdCPP.framework Tests";
		};
		05C56F381C42FFC5005E5D51 /* PBXContainerItemProxy */ = {
			isa = PBXContainerItemProxy;
			containerPortal = 05C56F181C42FFC5005E5D51 /* PLStdCPP.xcodeproj */;
			proxyType = 2;
			remoteGlobalIDString = 373BC32C1AB3575A00138ACF;
			remoteInfo = libPLStdCPP.a;
		};
		05C56F3A1C42FFC5005E5D51 /* PBXContainerItemProxy */ = {
			isa = PBXContainerItemProxy;
			containerPortal = 05C56F181C42FFC5005E5D51 /* PLStdCPP.xcodeproj */;
			proxyType = 2;
			remoteGlobalIDString = 373BC3361AB3575B00138ACF;
			remoteInfo = "libPLStdCPP.a Tests";
		};
		05C56F401C42FFE3005E5D51 /* PBXContainerItemProxy */ = {
			isa = PBXContainerItemProxy;
			containerPortal = 05C56F181C42FFC5005E5D51 /* PLStdCPP.xcodeproj */;
			proxyType = 1;
			remoteGlobalIDString = 373BC32B1AB3575A00138ACF;
			remoteInfo = libPLStdCPP.a;
		};
		05C56F421C43007B005E5D51 /* PBXContainerItemProxy */ = {
			isa = PBXContainerItemProxy;
			containerPortal = 05C56F181C42FFC5005E5D51 /* PLStdCPP.xcodeproj */;
			proxyType = 1;
			remoteGlobalIDString = 373BC30A1AB3555B00138ACF;
			remoteInfo = PLStdCPP.framework;
		};
/* End PBXContainerItemProxy section */

/* Begin PBXCopyFilesBuildPhase section */
		059550281C35E97D0032A4AE /* CopyFiles */ = {
			isa = PBXCopyFilesBuildPhase;
			buildActionMask = 2147483647;
			dstPath = /usr/share/man/man1/;
			dstSubfolderSpec = 0;
			files = (
			);
			runOnlyForDeploymentPostprocessing = 1;
		};
/* End PBXCopyFilesBuildPhase section */

/* Begin PBXFileReference section */
		0595502A1C35E97D0032A4AE /* ccmach */ = {isa = PBXFileReference; explicitFileType = "compiled.mach-o.executable"; includeInIndex = 0; path = ccmach; sourceTree = BUILT_PRODUCTS_DIR; };
		059550361C35EAA80032A4AE /* main.mm */ = {isa = PBXFileReference; fileEncoding = 4; indentWidth = 4; lastKnownFileType = sourcecode.cpp.objcpp; path = main.mm; sourceTree = "<group>"; tabWidth = 4; usesTabs = 0; };
		05C56EEC1C42FFC5005E5D51 /* applicative.h */ = {isa = PBXFileReference; lastKnownFileType = sourcecode.c.h; path = applicative.h; sourceTree = "<group>"; };
		05C56EED1C42FFC5005E5D51 /* basic.h */ = {isa = PBXFileReference; lastKnownFileType = sourcecode.c.h; path = basic.h; sourceTree = "<group>"; };
		05C56EEE1C42FFC5005E5D51 /* common.h */ = {isa = PBXFileReference; lastKnownFileType = sourcecode.c.h; path = common.h; sourceTree = "<group>"; };
		05C56EEF1C42FFC5005E5D51 /* foldable.h */ = {isa = PBXFileReference; lastKnownFileType = sourcecode.c.h; path = foldable.h; sourceTree = "<group>"; };
		05C56EF01C42FFC5005E5D51 /* functor.h */ = {isa = PBXFileReference; lastKnownFileType = sourcecode.c.h; path = functor.h; sourceTree = "<group>"; };
		05C56EF11C42FFC5005E5D51 /* iterator.h */ = {isa = PBXFileReference; lastKnownFileType = sourcecode.c.h; path = iterator.h; sourceTree = "<group>"; };
		05C56EF21C42FFC5005E5D51 /* monad.h */ = {isa = PBXFileReference; lastKnownFileType = sourcecode.c.h; path = monad.h; sourceTree = "<group>"; };
		05C56EF31C42FFC5005E5D51 /* monoid.h */ = {isa = PBXFileReference; lastKnownFileType = sourcecode.c.h; path = monoid.h; sourceTree = "<group>"; };
		05C56EF41C42FFC5005E5D51 /* orderable.h */ = {isa = PBXFileReference; lastKnownFileType = sourcecode.c.h; path = orderable.h; sourceTree = "<group>"; };
		05C56EF51C42FFC5005E5D51 /* zippable.h */ = {isa = PBXFileReference; lastKnownFileType = sourcecode.c.h; path = zippable.h; sourceTree = "<group>"; };
		05C56EF61C42FFC5005E5D51 /* either.h */ = {isa = PBXFileReference; lastKnownFileType = sourcecode.c.h; path = either.h; sourceTree = "<group>"; };
		05C56EF71C42FFC5005E5D51 /* either_trans.h */ = {isa = PBXFileReference; lastKnownFileType = sourcecode.c.h; path = either_trans.h; sourceTree = "<group>"; };
		05C56EF81C42FFC5005E5D51 /* forward_list.h */ = {isa = PBXFileReference; lastKnownFileType = sourcecode.c.h; path = forward_list.h; sourceTree = "<group>"; };
		05C56EF91C42FFC5005E5D51 /* function.h */ = {isa = PBXFileReference; lastKnownFileType = sourcecode.c.h; path = function.h; sourceTree = "<group>"; };
		05C56EFA1C42FFC5005E5D51 /* functional.h */ = {isa = PBXFileReference; lastKnownFileType = sourcecode.c.h; path = functional.h; sourceTree = "<group>"; };
		05C56EFB1C42FFC5005E5D51 /* future.h */ = {isa = PBXFileReference; lastKnownFileType = sourcecode.c.h; path = future.h; sourceTree = "<group>"; };
		05C56EFD1C42FFC5005E5D51 /* currying.h */ = {isa = PBXFileReference; lastKnownFileType = sourcecode.c.h; path = currying.h; sourceTree = "<group>"; };
		05C56EFE1C42FFC5005E5D51 /* function.h */ = {isa = PBXFileReference; lastKnownFileType = sourcecode.c.h; path = function.h; sourceTree = "<group>"; };
		05C56EFF1C42FFC5005E5D51 /* maybe_iterator.h */ = {isa = PBXFileReference; lastKnownFileType = sourcecode.c.h; path = maybe_iterator.h; sourceTree = "<group>"; };
		05C56F001C42FFC5005E5D51 /* tuple_apply.h */ = {isa = PBXFileReference; lastKnownFileType = sourcecode.c.h; path = tuple_apply.h; sourceTree = "<group>"; };
		05C56F011C42FFC5005E5D51 /* lazy.h */ = {isa = PBXFileReference; lastKnownFileType = sourcecode.c.h; path = lazy.h; sourceTree = "<group>"; };
		05C56F021C42FFC5005E5D51 /* lazy_trans.h */ = {isa = PBXFileReference; lastKnownFileType = sourcecode.c.h; path = lazy_trans.h; sourceTree = "<group>"; };
		05C56F031C42FFC5005E5D51 /* list.h */ = {isa = PBXFileReference; lastKnownFileType = sourcecode.c.h; path = list.h; sourceTree = "<group>"; };
		05C56F041C42FFC5005E5D51 /* map.h */ = {isa = PBXFileReference; lastKnownFileType = sourcecode.c.h; path = map.h; sourceTree = "<group>"; };
		05C56F051C42FFC5005E5D51 /* maybe.h */ = {isa = PBXFileReference; lastKnownFileType = sourcecode.c.h; path = maybe.h; sourceTree = "<group>"; };
		05C56F061C42FFC5005E5D51 /* maybe_trans.h */ = {isa = PBXFileReference; lastKnownFileType = sourcecode.c.h; path = maybe_trans.h; sourceTree = "<group>"; };
		05C56F071C42FFC5005E5D51 /* memory.h */ = {isa = PBXFileReference; lastKnownFileType = sourcecode.c.h; path = memory.h; sourceTree = "<group>"; };
		05C56F081C42FFC5005E5D51 /* ord.h */ = {isa = PBXFileReference; lastKnownFileType = sourcecode.c.h; path = ord.h; sourceTree = "<group>"; };
		05C56F091C42FFC5005E5D51 /* prelude.h */ = {isa = PBXFileReference; lastKnownFileType = sourcecode.c.h; path = prelude.h; sourceTree = "<group>"; };
		05C56F0A1C42FFC5005E5D51 /* set.h */ = {isa = PBXFileReference; lastKnownFileType = sourcecode.c.h; path = set.h; sourceTree = "<group>"; };
		05C56F0B1C42FFC5005E5D51 /* string.h */ = {isa = PBXFileReference; lastKnownFileType = sourcecode.c.h; path = string.h; sourceTree = "<group>"; };
		05C56F0C1C42FFC5005E5D51 /* sum_type.h */ = {isa = PBXFileReference; lastKnownFileType = sourcecode.c.h; path = sum_type.h; sourceTree = "<group>"; };
		05C56F0D1C42FFC5005E5D51 /* tuple.h */ = {isa = PBXFileReference; lastKnownFileType = sourcecode.c.h; path = tuple.h; sourceTree = "<group>"; };
		05C56F0E1C42FFC5005E5D51 /* type_functions.h */ = {isa = PBXFileReference; lastKnownFileType = sourcecode.c.h; path = type_functions.h; sourceTree = "<group>"; };
		05C56F0F1C42FFC5005E5D51 /* type_traits.h */ = {isa = PBXFileReference; lastKnownFileType = sourcecode.c.h; path = type_traits.h; sourceTree = "<group>"; };
		05C56F101C42FFC5005E5D51 /* unordered_map.h */ = {isa = PBXFileReference; lastKnownFileType = sourcecode.c.h; path = unordered_map.h; sourceTree = "<group>"; };
		05C56F111C42FFC5005E5D51 /* vector.h */ = {isa = PBXFileReference; lastKnownFileType = sourcecode.c.h; path = vector.h; sourceTree = "<group>"; };
		05C56F121C42FFC5005E5D51 /* LICENSE */ = {isa = PBXFileReference; lastKnownFileType = text; path = LICENSE; sourceTree = "<group>"; };
		05C56F131C42FFC5005E5D51 /* README.txt */ = {isa = PBXFileReference; lastKnownFileType = text; path = README.txt; sourceTree = "<group>"; };
		05C56F151C42FFC5005E5D51 /* XSmallTest.h */ = {isa = PBXFileReference; lastKnownFileType = sourcecode.c.h; path = XSmallTest.h; sourceTree = "<group>"; };
		05C56F161C42FFC5005E5D51 /* libPLStdCPPTests-Info.plist */ = {isa = PBXFileReference; lastKnownFileType = text.plist.xml; path = "libPLStdCPPTests-Info.plist"; sourceTree = "<group>"; };
		05C56F171C42FFC5005E5D51 /* PLStdCPP-Info.plist */ = {isa = PBXFileReference; lastKnownFileType = text.plist.xml; path = "PLStdCPP-Info.plist"; sourceTree = "<group>"; };
		05C56F181C42FFC5005E5D51 /* PLStdCPP.xcodeproj */ = {isa = PBXFileReference; lastKnownFileType = "wrapper.pb-project"; path = PLStdCPP.xcodeproj; sourceTree = "<group>"; };
		05C56F1B1C42FFC5005E5D51 /* PLStdCPPTests-Info.plist */ = {isa = PBXFileReference; lastKnownFileType = text.plist.xml; path = "PLStdCPPTests-Info.plist"; sourceTree = "<group>"; };
		05C56F1D1C42FFC5005E5D51 /* hlist.hpp */ = {isa = PBXFileReference; lastKnownFileType = sourcecode.cpp.h; path = hlist.hpp; sourceTree = "<group>"; };
		05C56F1E1C42FFC5005E5D51 /* hlist_tests.mm */ = {isa = PBXFileReference; lastKnownFileType = sourcecode.cpp.objcpp; path = hlist_tests.mm; sourceTree = "<group>"; };
		05C56F1F1C42FFC5005E5D51 /* PLSmallTestExt.hpp */ = {isa = PBXFileReference; lastKnownFileType = sourcecode.cpp.h; path = PLSmallTestExt.hpp; sourceTree = "<group>"; };
		05C56F201C42FFC5005E5D51 /* product_type.hpp */ = {isa = PBXFileReference; lastKnownFileType = sourcecode.cpp.h; path = product_type.hpp; sourceTree = "<group>"; };
		05C56F211C42FFC5005E5D51 /* record_type.hpp */ = {isa = PBXFileReference; lastKnownFileType = sourcecode.cpp.h; path = record_type.hpp; sourceTree = "<group>"; };
		05C56F221C42FFC5005E5D51 /* record_type_tests.mm */ = {isa = PBXFileReference; lastKnownFileType = sourcecode.cpp.objcpp; path = record_type_tests.mm; sourceTree = "<group>"; };
		05C56F231C42FFC5005E5D51 /* unit_type.hpp */ = {isa = PBXFileReference; lastKnownFileType = sourcecode.cpp.h; path = unit_type.hpp; sourceTree = "<group>"; };
/* End PBXFileReference section */

/* Begin PBXFrameworksBuildPhase section */
		059550271C35E97D0032A4AE /* Frameworks */ = {
			isa = PBXFrameworksBuildPhase;
			buildActionMask = 2147483647;
			files = (
				05C56F441C430100005E5D51 /* PLStdCPP.framework in Frameworks */,
			);
			runOnlyForDeploymentPostprocessing = 0;
		};
/* End PBXFrameworksBuildPhase section */

/* Begin PBXGroup section */
		059550211C35E97D0032A4AE = {
			isa = PBXGroup;
			children = (
				0595502C1C35E97D0032A4AE /* ccmach */,
				05C56EE71C42FFC5005E5D51 /* plstdcpp */,
				0595502B1C35E97D0032A4AE /* Products */,
			);
			sourceTree = "<group>";
		};
		0595502B1C35E97D0032A4AE /* Products */ = {
			isa = PBXGroup;
			children = (
				0595502A1C35E97D0032A4AE /* ccmach */,
			);
			name = Products;
			sourceTree = "<group>";
		};
		0595502C1C35E97D0032A4AE /* ccmach */ = {
			isa = PBXGroup;
			children = (
				059550361C35EAA80032A4AE /* main.mm */,
			);
			path = ccmach;
			sourceTree = "<group>";
		};
		05C56EE71C42FFC5005E5D51 /* plstdcpp */ = {
			isa = PBXGroup;
			children = (
				05C56EE81C42FFC5005E5D51 /* Dependencies */,
				05C56F161C42FFC5005E5D51 /* libPLStdCPPTests-Info.plist */,
				05C56F171C42FFC5005E5D51 /* PLStdCPP-Info.plist */,
				05C56F181C42FFC5005E5D51 /* PLStdCPP.xcodeproj */,
				05C56F1B1C42FFC5005E5D51 /* PLStdCPPTests-Info.plist */,
				05C56F1C1C42FFC5005E5D51 /* src */,
			);
			path = plstdcpp;
			sourceTree = "<group>";
		};
		05C56EE81C42FFC5005E5D51 /* Dependencies */ = {
			isa = PBXGroup;
			children = (
				05C56EE91C42FFC5005E5D51 /* ftl */,
				05C56F131C42FFC5005E5D51 /* README.txt */,
				05C56F141C42FFC5005E5D51 /* XSmallTest */,
			);
			path = Dependencies;
			sourceTree = "<group>";
		};
		05C56EE91C42FFC5005E5D51 /* ftl */ = {
			isa = PBXGroup;
			children = (
				05C56EEA1C42FFC5005E5D51 /* ftl */,
				05C56F121C42FFC5005E5D51 /* LICENSE */,
			);
			path = ftl;
			sourceTree = "<group>";
		};
		05C56EEA1C42FFC5005E5D51 /* ftl */ = {
			isa = PBXGroup;
			children = (
				05C56EEB1C42FFC5005E5D51 /* concepts */,
				05C56EF61C42FFC5005E5D51 /* either.h */,
				05C56EF71C42FFC5005E5D51 /* either_trans.h */,
				05C56EF81C42FFC5005E5D51 /* forward_list.h */,
				05C56EF91C42FFC5005E5D51 /* function.h */,
				05C56EFA1C42FFC5005E5D51 /* functional.h */,
				05C56EFB1C42FFC5005E5D51 /* future.h */,
				05C56EFC1C42FFC5005E5D51 /* implementation */,
				05C56F011C42FFC5005E5D51 /* lazy.h */,
				05C56F021C42FFC5005E5D51 /* lazy_trans.h */,
				05C56F031C42FFC5005E5D51 /* list.h */,
				05C56F041C42FFC5005E5D51 /* map.h */,
				05C56F051C42FFC5005E5D51 /* maybe.h */,
				05C56F061C42FFC5005E5D51 /* maybe_trans.h */,
				05C56F071C42FFC5005E5D51 /* memory.h */,
				05C56F081C42FFC5005E5D51 /* ord.h */,
				05C56F091C42FFC5005E5D51 /* prelude.h */,
				05C56F0A1C42FFC5005E5D51 /* set.h */,
				05C56F0B1C42FFC5005E5D51 /* string.h */,
				05C56F0C1C42FFC5005E5D51 /* sum_type.h */,
				05C56F0D1C42FFC5005E5D51 /* tuple.h */,
				05C56F0E1C42FFC5005E5D51 /* type_functions.h */,
				05C56F0F1C42FFC5005E5D51 /* type_traits.h */,
				05C56F101C42FFC5005E5D51 /* unordered_map.h */,
				05C56F111C42FFC5005E5D51 /* vector.h */,
			);
			path = ftl;
			sourceTree = "<group>";
		};
		05C56EEB1C42FFC5005E5D51 /* concepts */ = {
			isa = PBXGroup;
			children = (
				05C56EEC1C42FFC5005E5D51 /* applicative.h */,
				05C56EED1C42FFC5005E5D51 /* basic.h */,
				05C56EEE1C42FFC5005E5D51 /* common.h */,
				05C56EEF1C42FFC5005E5D51 /* foldable.h */,
				05C56EF01C42FFC5005E5D51 /* functor.h */,
				05C56EF11C42FFC5005E5D51 /* iterator.h */,
				05C56EF21C42FFC5005E5D51 /* monad.h */,
				05C56EF31C42FFC5005E5D51 /* monoid.h */,
				05C56EF41C42FFC5005E5D51 /* orderable.h */,
				05C56EF51C42FFC5005E5D51 /* zippable.h */,
			);
			path = concepts;
			sourceTree = "<group>";
		};
		05C56EFC1C42FFC5005E5D51 /* implementation */ = {
			isa = PBXGroup;
			children = (
				05C56EFD1C42FFC5005E5D51 /* currying.h */,
				05C56EFE1C42FFC5005E5D51 /* function.h */,
				05C56EFF1C42FFC5005E5D51 /* maybe_iterator.h */,
				05C56F001C42FFC5005E5D51 /* tuple_apply.h */,
			);
			path = implementation;
			sourceTree = "<group>";
		};
		05C56F141C42FFC5005E5D51 /* XSmallTest */ = {
			isa = PBXGroup;
			children = (
				05C56F151C42FFC5005E5D51 /* XSmallTest.h */,
			);
			path = XSmallTest;
			sourceTree = "<group>";
		};
		05C56F191C42FFC5005E5D51 /* Products */ = {
			isa = PBXGroup;
			children = (
				05C56F351C42FFC5005E5D51 /* PLStdCPP.framework */,
				05C56F371C42FFC5005E5D51 /* PLStdCPP.framework Tests.xctest */,
				05C56F391C42FFC5005E5D51 /* libPLStdCPP.a */,
				05C56F3B1C42FFC5005E5D51 /* libPLStdCPP.a Tests.xctest */,
			);
			name = Products;
			sourceTree = "<group>";
		};
		05C56F1C1C42FFC5005E5D51 /* src */ = {
			isa = PBXGroup;
			children = (
				05C56F1D1C42FFC5005E5D51 /* hlist.hpp */,
				05C56F1E1C42FFC5005E5D51 /* hlist_tests.mm */,
				05C56F1F1C42FFC5005E5D51 /* PLSmallTestExt.hpp */,
				05C56F201C42FFC5005E5D51 /* product_type.hpp */,
				05C56F211C42FFC5005E5D51 /* record_type.hpp */,
				05C56F221C42FFC5005E5D51 /* record_type_tests.mm */,
				05C56F231C42FFC5005E5D51 /* unit_type.hpp */,
			);
			path = src;
			sourceTree = "<group>";
		};
/* End PBXGroup section */

/* Begin PBXNativeTarget section */
		059550291C35E97D0032A4AE /* ccmach */ = {
			isa = PBXNativeTarget;
			buildConfigurationList = 059550311C35E97D0032A4AE /* Build configuration list for PBXNativeTarget "ccmach" */;
			buildPhases = (
				059550261C35E97D0032A4AE /* Sources */,
				059550271C35E97D0032A4AE /* Frameworks */,
				059550281C35E97D0032A4AE /* CopyFiles */,
			);
			buildRules = (
			);
			dependencies = (
				05C56F431C43007B005E5D51 /* PBXTargetDependency */,
				05C56F411C42FFE3005E5D51 /* PBXTargetDependency */,
			);
			name = ccmach;
			productName = ccmach;
			productReference = 0595502A1C35E97D0032A4AE /* ccmach */;
			productType = "com.apple.product-type.tool";
		};
/* End PBXNativeTarget section */

/* Begin PBXProject section */
		059550221C35E97D0032A4AE /* Project object */ = {
			isa = PBXProject;
			attributes = {
				LastUpgradeCheck = 0620;
				ORGANIZATIONNAME = "Landon Fuller";
				TargetAttributes = {
					059550291C35E97D0032A4AE = {
						CreatedOnToolsVersion = 6.2;
					};
				};
			};
			buildConfigurationList = 059550251C35E97D0032A4AE /* Build configuration list for PBXProject "ccmach" */;
			compatibilityVersion = "Xcode 3.2";
			developmentRegion = English;
			hasScannedForEncodings = 0;
			knownRegions = (
				en,
			);
			mainGroup = 059550211C35E97D0032A4AE;
			productRefGroup = 0595502B1C35E97D0032A4AE /* Products */;
			projectDirPath = "";
			projectReferences = (
				{
					ProductGroup = 05C56F191C42FFC5005E5D51 /* Products */;
					ProjectRef = 05C56F181C42FFC5005E5D51 /* PLStdCPP.xcodeproj */;
				},
			);
			projectRoot = "";
			targets = (
				059550291C35E97D0032A4AE /* ccmach */,
			);
		};
/* End PBXProject section */

/* Begin PBXReferenceProxy section */
		05C56F351C42FFC5005E5D51 /* PLStdCPP.framework */ = {
			isa = PBXReferenceProxy;
			fileType = wrapper.framework;
			path = PLStdCPP.framework;
			remoteRef = 05C56F341C42FFC5005E5D51 /* PBXContainerItemProxy */;
			sourceTree = BUILT_PRODUCTS_DIR;
		};
		05C56F371C42FFC5005E5D51 /* PLStdCPP.framework Tests.xctest */ = {
			isa = PBXReferenceProxy;
			fileType = wrapper.cfbundle;
			path = "PLStdCPP.framework Tests.xctest";
			remoteRef = 05C56F361C42FFC5005E5D51 /* PBXContainerItemProxy */;
			sourceTree = BUILT_PRODUCTS_DIR;
		};
		05C56F391C42FFC5005E5D51 /* libPLStdCPP.a */ = {
			isa = PBXReferenceProxy;
			fileType = archive.ar;
			path = libPLStdCPP.a;
			remoteRef = 05C56F381C42FFC5005E5D51 /* PBXContainerItemProxy */;
			sourceTree = BUILT_PRODUCTS_DIR;
		};
		05C56F3B1C42FFC5005E5D51 /* libPLStdCPP.a Tests.xctest */ = {
			isa = PBXReferenceProxy;
			fileType = wrapper.cfbundle;
			path = "libPLStdCPP.a Tests.xctest";
			remoteRef = 05C56F3A1C42FFC5005E5D51 /* PBXContainerItemProxy */;
			sourceTree = BUILT_PRODUCTS_DIR;
		};
/* End PBXReferenceProxy section */

/* Begin PBXSourcesBuildPhase section */
		059550261C35E97D0032A4AE /* Sources */ = {
			isa = PBXSourcesBuildPhase;
			buildActionMask = 2147483647;
			files = (
				059550371C35EAA80032A4AE /* main.mm in Sources */,
			);
			runOnlyForDeploymentPostprocessing = 0;
		};
/* End PBXSourcesBuildPhase section */

/* Begin PBXTargetDependency section */
		05C56F411C42FFE3005E5D51 /* PBXTargetDependency */ = {
			isa = PBXTargetDependency;
			name = libPLStdCPP.a;
			targetProxy = 05C56F401C42FFE3005E5D51 /* PBXContainerItemProxy */;
		};
		05C56F431C43007B005E5D51 /* PBXTargetDependency */ = {
			isa = PBXTargetDependency;
			name = PLStdCPP.framework;
			targetProxy = 05C56F421C43007B005E5D51 /* PBXContainerItemProxy */;
		};
/* End PBXTargetDependency section */

/* Begin XCBuildConfiguration section */
		0595502F1C35E97D0032A4AE /* Debug */ = {
			isa = XCBuildConfiguration;
			buildSettings = {
				ALWAYS_SEARCH_USER_PATHS = NO;
				CLANG_CXX_LANGUAGE_STANDARD = "c++14";
				CLANG_CXX_LIBRARY = "libc++";
				CLANG_ENABLE_MODULES = YES;
				CLANG_ENABLE_OBJC_ARC = YES;
				CLANG_WARN_BOOL_CONVERSION = YES;
				CLANG_WARN_CONSTANT_CONVERSION = YES;
				CLANG_WARN_DIRECT_OBJC_ISA_USAGE = YES_ERROR;
				CLANG_WARN_EMPTY_BODY = YES;
				CLANG_WARN_ENUM_CONVERSION = YES;
				CLANG_WARN_INT_CONVERSION = YES;
				CLANG_WARN_OBJC_ROOT_CLASS = YES_ERROR;
				CLANG_WARN_UNREACHABLE_CODE = YES;
				CLANG_WARN__DUPLICATE_METHOD_MATCH = YES;
				COPY_PHASE_STRIP = NO;
				ENABLE_STRICT_OBJC_MSGSEND = YES;
				GCC_C_LANGUAGE_STANDARD = gnu99;
				GCC_DYNAMIC_NO_PIC = NO;
				GCC_OPTIMIZATION_LEVEL = 0;
				GCC_PREPROCESSOR_DEFINITIONS = (
					"DEBUG=1",
					"$(inherited)",
				);
				GCC_SYMBOLS_PRIVATE_EXTERN = NO;
				GCC_WARN_64_TO_32_BIT_CONVERSION = YES;
				GCC_WARN_ABOUT_RETURN_TYPE = YES_ERROR;
				GCC_WARN_UNDECLARED_SELECTOR = YES;
				GCC_WARN_UNINITIALIZED_AUTOS = YES_AGGRESSIVE;
				GCC_WARN_UNUSED_FUNCTION = YES;
				GCC_WARN_UNUSED_VARIABLE = YES;
				MACOSX_DEPLOYMENT_TARGET = 10.9;
				MTL_ENABLE_DEBUG_INFO = YES;
				ONLY_ACTIVE_ARCH = YES;
				SDKROOT = macosx;
				SWIFT_OPTIMIZATION_LEVEL = "-Onone";
			};
			name = Debug;
		};
		059550301C35E97D0032A4AE /* Release */ = {
			isa = XCBuildConfiguration;
			buildSettings = {
				ALWAYS_SEARCH_USER_PATHS = NO;
				CLANG_CXX_LANGUAGE_STANDARD = "c++14";
				CLANG_CXX_LIBRARY = "libc++";
				CLANG_ENABLE_MODULES = YES;
				CLANG_ENABLE_OBJC_ARC = YES;
				CLANG_WARN_BOOL_CONVERSION = YES;
				CLANG_WARN_CONSTANT_CONVERSION = YES;
				CLANG_WARN_DIRECT_OBJC_ISA_USAGE = YES_ERROR;
				CLANG_WARN_EMPTY_BODY = YES;
				CLANG_WARN_ENUM_CONVERSION = YES;
				CLANG_WARN_INT_CONVERSION = YES;
				CLANG_WARN_OBJC_ROOT_CLASS = YES_ERROR;
				CLANG_WARN_UNREACHABLE_CODE = YES;
				CLANG_WARN__DUPLICATE_METHOD_MATCH = YES;
				COPY_PHASE_STRIP = NO;
				DEBUG_INFORMATION_FORMAT = "dwarf-with-dsym";
				ENABLE_NS_ASSERTIONS = NO;
				ENABLE_STRICT_OBJC_MSGSEND = YES;
				GCC_C_LANGUAGE_STANDARD = gnu99;
				GCC_WARN_64_TO_32_BIT_CONVERSION = YES;
				GCC_WARN_ABOUT_RETURN_TYPE = YES_ERROR;
				GCC_WARN_UNDECLARED_SELECTOR = YES;
				GCC_WARN_UNINITIALIZED_AUTOS = YES_AGGRESSIVE;
				GCC_WARN_UNUSED_FUNCTION = YES;
				GCC_WARN_UNUSED_VARIABLE = YES;
				MACOSX_DEPLOYMENT_TARGET = 10.9;
				MTL_ENABLE_DEBUG_INFO = NO;
				SDKROOT = macosx;
			};
			name = Release;
		};
		059550321C35E97D0032A4AE /* Debug */ = {
			isa = XCBuildConfiguration;
			buildSettings = {
				CLANG_ENABLE_MODULES = YES;
				FRAMEWORK_SEARCH_PATHS = (
					"$(inherited)",
					"$(PROJECT_DIR)",
				);
				LD_RUNPATH_SEARCH_PATHS = "$(inherited) @executable_path/../Frameworks @loader_path/../Frameworks $(PROJECT_DIR)";
				PRODUCT_NAME = "$(TARGET_NAME)";
				SWIFT_OPTIMIZATION_LEVEL = "-Onone";
			};
			name = Debug;
		};
		059550331C35E97D0032A4AE /* Release */ = {
			isa = XCBuildConfiguration;
			buildSettings = {
				CLANG_ENABLE_MODULES = YES;
				FRAMEWORK_SEARCH_PATHS = (
					"$(inherited)",
					"$(PROJECT_DIR)",
				);
				LD_RUNPATH_SEARCH_PATHS = "$(inherited) @executable_path/../Frameworks @loader_path/../Frameworks $(PROJECT_DIR)";
				PRODUCT_NAME = "$(TARGET_NAME)";
			};
			name = Release;
		};
/* End XCBuildConfiguration section */

/* Begin XCConfigurationList section */
		059550251C35E97D0032A4AE /* Build configuration list for PBXProject "ccmach" */ = {
			isa = XCConfigurationList;
			buildConfigurations = (
				0595502F1C35E97D0032A4AE /* Debug */,
				059550301C35E97D0032A4AE /* Release */,
			);
			defaultConfigurationIsVisible = 0;
			defaultConfigurationName = Release;
		};
		059550311C35E97D0032A4AE /* Build configuration list for PBXNativeTarget "ccmach" */ = {
			isa = XCConfigurationList;
			buildConfigurations = (
				059550321C35E97D0032A4AE /* Debug */,
				059550331C35E97D0032A4AE /* Release */,
			);
			defaultConfigurationIsVisible = 0;
			defaultConfigurationName = Release;
		};
/* End XCConfigurationList section */
	};
	rootObject = 059550221C35E97D0032A4AE /* Project object */;
}
